
Microsoft Visual Studio Solution File, Format Version 12.00
# Visual Studio Version 16
VisualStudioVersion = 16.0.29230.47
MinimumVisualStudioVersion = 10.0.40219.1
Project("{FAE04EC0-301F-11D3-BF4B-00C04F79EFBC}") = "Vectors", "Vector\Vectors.csproj", "{7F321AC7-B049-4E2A-853A-A55977941949}"
EndProject
Project("{FAE04EC0-301F-11D3-BF4B-00C04F79EFBC}") = "Range", "Range\Range.csproj", "{DF51CE28-319A-44F1-B023-7929415D0ED5}"
EndProject
Project("{FAE04EC0-301F-11D3-BF4B-00C04F79EFBC}") = "Shapes", "Shapes\Shapes.csproj", "{4AB687A1-4BB2-4A2A-8A86-E1D1E0F103D5}"
EndProject
Project("{FAE04EC0-301F-11D3-BF4B-00C04F79EFBC}") = "Matrices", "Matrices\Matrices.csproj", "{A36BE3A9-1D71-470C-AB3A-902B129AD5EE}"
EndProject
Project("{9A19103F-16F7-4668-BE54-9A1E7A4F7556}") = "Test1", "Test1\Test1.csproj", "{6311CF0D-CA8E-4D1D-940C-844D6C143615}"
EndProject
Project("{FAE04EC0-301F-11D3-BF4B-00C04F79EFBC}") = "ArrayListHome", "ArrayListHome\ArrayListHome.csproj", "{F781D708-9126-4D78-B2CF-295B6390B267}"
EndProject
Project("{FAE04EC0-301F-11D3-BF4B-00C04F79EFBC}") = "List", "List\List.csproj", "{6AB51A86-FE14-4207-9CA5-7CA6F7AFE40D}"
EndProject
Project("{FAE04EC0-301F-11D3-BF4B-00C04F79EFBC}") = "MyList", "MyList\MyList.csproj", "{6D04F182-C3E4-4E1A-A476-6640A3FDE71A}"
EndProject
Project("{FAE04EC0-301F-11D3-BF4B-00C04F79EFBC}") = "Lambdas", "Lambdas\Lambdas.csproj", "{09929517-C08C-461E-9F0C-3E50297E6BC5}"
EndProject
Project("{FAE04EC0-301F-11D3-BF4B-00C04F79EFBC}") = "Temperature", "Temperature\Temperature.csproj", "{77F49D55-CF1C-4852-BB01-27DB2AF85493}"
EndProject
Project("{FAE04EC0-301F-11D3-BF4B-00C04F79EFBC}") = "HashTable", "HashTable\HashTable.csproj", "{0B15FB30-3F8C-448A-85A4-78EBA5C62EE6}"
EndProject
Global
	GlobalSection(SolutionConfigurationPlatforms) = preSolution
		Debug|Any CPU = Debug|Any CPU
		Release|Any CPU = Release|Any CPU
	EndGlobalSection
	GlobalSection(ProjectConfigurationPlatforms) = postSolution
		{7F321AC7-B049-4E2A-853A-A55977941949}.Debug|Any CPU.ActiveCfg = Debug|Any CPU
		{7F321AC7-B049-4E2A-853A-A55977941949}.Debug|Any CPU.Build.0 = Debug|Any CPU
		{7F321AC7-B049-4E2A-853A-A55977941949}.Release|Any CPU.ActiveCfg = Release|Any CPU
		{7F321AC7-B049-4E2A-853A-A55977941949}.Release|Any CPU.Build.0 = Release|Any CPU
		{DF51CE28-319A-44F1-B023-7929415D0ED5}.Debug|Any CPU.ActiveCfg = Debug|Any CPU
		{DF51CE28-319A-44F1-B023-7929415D0ED5}.Debug|Any CPU.Build.0 = Debug|Any CPU
		{DF51CE28-319A-44F1-B023-7929415D0ED5}.Release|Any CPU.ActiveCfg = Release|Any CPU
		{DF51CE28-319A-44F1-B023-7929415D0ED5}.Release|Any CPU.Build.0 = Release|Any CPU
		{4AB687A1-4BB2-4A2A-8A86-E1D1E0F103D5}.Debug|Any CPU.ActiveCfg = Debug|Any CPU
		{4AB687A1-4BB2-4A2A-8A86-E1D1E0F103D5}.Debug|Any CPU.Build.0 = Debug|Any CPU
		{4AB687A1-4BB2-4A2A-8A86-E1D1E0F103D5}.Release|Any CPU.ActiveCfg = Release|Any CPU
		{4AB687A1-4BB2-4A2A-8A86-E1D1E0F103D5}.Release|Any CPU.Build.0 = Release|Any CPU
		{A36BE3A9-1D71-470C-AB3A-902B129AD5EE}.Debug|Any CPU.ActiveCfg = Debug|Any CPU
		{A36BE3A9-1D71-470C-AB3A-902B129AD5EE}.Debug|Any CPU.Build.0 = Debug|Any CPU
		{A36BE3A9-1D71-470C-AB3A-902B129AD5EE}.Release|Any CPU.ActiveCfg = Release|Any CPU
		{A36BE3A9-1D71-470C-AB3A-902B129AD5EE}.Release|Any CPU.Build.0 = Release|Any CPU
		{6311CF0D-CA8E-4D1D-940C-844D6C143615}.Debug|Any CPU.ActiveCfg = Debug|Any CPU
		{6311CF0D-CA8E-4D1D-940C-844D6C143615}.Debug|Any CPU.Build.0 = Debug|Any CPU
		{6311CF0D-CA8E-4D1D-940C-844D6C143615}.Release|Any CPU.ActiveCfg = Release|Any CPU
		{6311CF0D-CA8E-4D1D-940C-844D6C143615}.Release|Any CPU.Build.0 = Release|Any CPU
		{F781D708-9126-4D78-B2CF-295B6390B267}.Debug|Any CPU.ActiveCfg = Debug|Any CPU
		{F781D708-9126-4D78-B2CF-295B6390B267}.Debug|Any CPU.Build.0 = Debug|Any CPU
		{F781D708-9126-4D78-B2CF-295B6390B267}.Release|Any CPU.ActiveCfg = Release|Any CPU
		{F781D708-9126-4D78-B2CF-295B6390B267}.Release|Any CPU.Build.0 = Release|Any CPU
		{6AB51A86-FE14-4207-9CA5-7CA6F7AFE40D}.Debug|Any CPU.ActiveCfg = Debug|Any CPU
		{6AB51A86-FE14-4207-9CA5-7CA6F7AFE40D}.Debug|Any CPU.Build.0 = Debug|Any CPU
		{6AB51A86-FE14-4207-9CA5-7CA6F7AFE40D}.Release|Any CPU.ActiveCfg = Release|Any CPU
		{6AB51A86-FE14-4207-9CA5-7CA6F7AFE40D}.Release|Any CPU.Build.0 = Release|Any CPU
		{6D04F182-C3E4-4E1A-A476-6640A3FDE71A}.Debug|Any CPU.ActiveCfg = Debug|Any CPU
		{6D04F182-C3E4-4E1A-A476-6640A3FDE71A}.Debug|Any CPU.Build.0 = Debug|Any CPU
		{6D04F182-C3E4-4E1A-A476-6640A3FDE71A}.Release|Any CPU.ActiveCfg = Release|Any CPU
		{6D04F182-C3E4-4E1A-A476-6640A3FDE71A}.Release|Any CPU.Build.0 = Release|Any CPU
		{09929517-C08C-461E-9F0C-3E50297E6BC5}.Debug|Any CPU.ActiveCfg = Debug|Any CPU
		{09929517-C08C-461E-9F0C-3E50297E6BC5}.Debug|Any CPU.Build.0 = Debug|Any CPU
		{09929517-C08C-461E-9F0C-3E50297E6BC5}.Release|Any CPU.ActiveCfg = Release|Any CPU
		{09929517-C08C-461E-9F0C-3E50297E6BC5}.Release|Any CPU.Build.0 = Release|Any CPU
		{77F49D55-CF1C-4852-BB01-27DB2AF85493}.Debug|Any CPU.ActiveCfg = Debug|Any CPU
		{77F49D55-CF1C-4852-BB01-27DB2AF85493}.Debug|Any CPU.Build.0 = Debug|Any CPU
		{77F49D55-CF1C-4852-BB01-27DB2AF85493}.Release|Any CPU.ActiveCfg = Release|Any CPU
		{77F49D55-CF1C-4852-BB01-27DB2AF85493}.Release|Any CPU.Build.0 = Release|Any CPU
		{0B15FB30-3F8C-448A-85A4-78EBA5C62EE6}.Debug|Any CPU.ActiveCfg = Debug|Any CPU
		{0B15FB30-3F8C-448A-85A4-78EBA5C62EE6}.Debug|Any CPU.Build.0 = Debug|Any CPU
		{0B15FB30-3F8C-448A-85A4-78EBA5C62EE6}.Release|Any CPU.ActiveCfg = Release|Any CPU
		{0B15FB30-3F8C-448A-85A4-78EBA5C62EE6}.Release|Any CPU.Build.0 = Release|Any CPU
	EndGlobalSection
	GlobalSection(SolutionProperties) = preSolution
		HideSolutionNode = FALSE
	EndGlobalSection
	GlobalSection(ExtensibilityGlobals) = postSolution
		SolutionGuid = {7BB5B26A-5AE7-4B4C-BB85-2436E336BCC8}
	EndGlobalSection
EndGlobal
